
Microsoft Visual Studio Solution File, Format Version 12.00
# Visual Studio Version 16
VisualStudioVersion = 16.0.30114.105
MinimumVisualStudioVersion = 10.0.40219.1
Project("{FAE04EC0-301F-11D3-BF4B-00C04F79EFBC}") = "RestaurantAPI", "ResturantAPI\RestaurantAPI.csproj", "{B448C87A-9AB7-4733-B4A1-3A31B94F2988}"
EndProject
Global
	GlobalSection(SolutionConfigurationPlatforms) = preSolution
		Debug|Any CPU = Debug|Any CPU
		Release|Any CPU = Release|Any CPU
	EndGlobalSection
	GlobalSection(ProjectConfigurationPlatforms) = postSolution
		{B448C87A-9AB7-4733-B4A1-3A31B94F2988}.Debug|Any CPU.ActiveCfg = Debug|Any CPU
		{B448C87A-9AB7-4733-B4A1-3A31B94F2988}.Debug|Any CPU.Build.0 = Debug|Any CPU
		{B448C87A-9AB7-4733-B4A1-3A31B94F2988}.Release|Any CPU.ActiveCfg = Release|Any CPU
		{B448C87A-9AB7-4733-B4A1-3A31B94F2988}.Release|Any CPU.Build.0 = Release|Any CPU
	EndGlobalSection
	GlobalSection(SolutionProperties) = preSolution
		HideSolutionNode = FALSE
	EndGlobalSection
	GlobalSection(ExtensibilityGlobals) = postSolution
		SolutionGuid = {877D3182-61C2-48B8-9506-A71A96F740F7}
	EndGlobalSection
EndGlobal
